
Microsoft Visual Studio Solution File, Format Version 12.00
# Visual Studio Version 16
VisualStudioVersion = 16.0.30128.74
MinimumVisualStudioVersion = 10.0.40219.1
Project("{9A19103F-16F7-4668-BE54-9A1E7A4F7556}") = "AudioSensei", "AudioSensei\AudioSensei.csproj", "{BA476B0C-E9E3-4E7E-8148-553CD26AA27A}"
EndProject
Project("{FAE04EC0-301F-11D3-BF4B-00C04F79EFBC}") = "AudioSensei.Tests", "AudioSensei.Tests\AudioSensei.Tests.csproj", "{612FDBE7-21FD-4A23-9A97-5641C2A1186E}"
EndProject
Global
	GlobalSection(SolutionConfigurationPlatforms) = preSolution
		Debug|Any CPU = Debug|Any CPU
		Release|Any CPU = Release|Any CPU
	EndGlobalSection
	GlobalSection(ProjectConfigurationPlatforms) = postSolution
		{BA476B0C-E9E3-4E7E-8148-553CD26AA27A}.Debug|Any CPU.ActiveCfg = Debug|Any CPU
		{BA476B0C-E9E3-4E7E-8148-553CD26AA27A}.Debug|Any CPU.Build.0 = Debug|Any CPU
		{BA476B0C-E9E3-4E7E-8148-553CD26AA27A}.Release|Any CPU.ActiveCfg = Release|Any CPU
		{BA476B0C-E9E3-4E7E-8148-553CD26AA27A}.Release|Any CPU.Build.0 = Release|Any CPU
		{612FDBE7-21FD-4A23-9A97-5641C2A1186E}.Debug|Any CPU.ActiveCfg = Debug|Any CPU
		{612FDBE7-21FD-4A23-9A97-5641C2A1186E}.Debug|Any CPU.Build.0 = Debug|Any CPU
		{612FDBE7-21FD-4A23-9A97-5641C2A1186E}.Release|Any CPU.ActiveCfg = Release|Any CPU
		{612FDBE7-21FD-4A23-9A97-5641C2A1186E}.Release|Any CPU.Build.0 = Release|Any CPU
	EndGlobalSection
	GlobalSection(SolutionProperties) = preSolution
		HideSolutionNode = FALSE
	EndGlobalSection
	GlobalSection(ExtensibilityGlobals) = postSolution
		SolutionGuid = {A0F9241A-AA66-4CB7-8F81-45EE2E48DCBE}
	EndGlobalSection
EndGlobal
